
Microsoft Visual Studio Solution File, Format Version 12.00
Project("{2150E333-8FDC-42A3-9474-1A3956D46DE8}") = "Src", "Src", "{91EF90B5-1C73-4F2B-BABA-541C730DC35B}"
EndProject
Project("{2150E333-8FDC-42A3-9474-1A3956D46DE8}") = "1.Enterprise Business Rules", "1.Enterprise Business Rules", "{AD5D150C-8126-42E7-A675-9008D561F320}"
EndProject
Project("{2150E333-8FDC-42A3-9474-1A3956D46DE8}") = "2.Application Business Rules", "2.Application Business Rules", "{2F56898A-5635-46FE-B388-D5E59640DBEC}"
EndProject
Project("{2150E333-8FDC-42A3-9474-1A3956D46DE8}") = "3.Interface Adapters", "3.Interface Adapters", "{DE270931-B2E7-4429-972F-0F00AB452EDB}"
EndProject
Project("{2150E333-8FDC-42A3-9474-1A3956D46DE8}") = "4.Frameworks And Drivers", "4.Frameworks And Drivers", "{13DE1CAC-DCEF-4A0B-9333-3D90CD34AD9E}"
EndProject
Project("{FAE04EC0-301F-11D3-BF4B-00C04F79EFBC}") = "DASSoluciones.ERP.Entities", "DASSoluciones.ERP.Entities\DASSoluciones.ERP.Entities.csproj", "{42F0B64E-8ECE-4FFA-B45A-18176B24CB08}"
EndProject
Project("{FAE04EC0-301F-11D3-BF4B-00C04F79EFBC}") = "DASSoluciones.ERP.Frontend.BusinessObject", "DASSoluciones.ERP.Frontend.BusinessObject\DASSoluciones.ERP.Frontend.BusinessObject.csproj", "{9D2234C1-5DCA-4C7D-A151-523B570DD50E}"
EndProject
Project("{2150E333-8FDC-42A3-9474-1A3956D46DE8}") = "Gateways", "Gateways", "{84024E0F-74EE-47EF-8EC5-93304C6DEC9B}"
EndProject
Project("{FAE04EC0-301F-11D3-BF4B-00C04F79EFBC}") = "DASSoluciones.ERP.Frontend.WebApiProxies", "DASSoluciones.ERP.Frontend.WebApiProxies\DASSoluciones.ERP.Frontend.WebApiProxies.csproj", "{AE976229-C381-4E01-A98C-2BCCF8289F27}"
EndProject
Project("{2150E333-8FDC-42A3-9474-1A3956D46DE8}") = "ViewModels", "ViewModels", "{33E138E6-3BE1-4623-8BE1-A3FA46D349E3}"
EndProject
Project("{FAE04EC0-301F-11D3-BF4B-00C04F79EFBC}") = "DASSoluciones.ERP.Frontend.ViewModels", "DASSoluciones.ERP.Frontend.ViewModels\DASSoluciones.ERP.Frontend.ViewModels.csproj", "{6BF6B8DC-B2C7-42AD-9098-7B3739BF05B8}"
EndProject
Project("{2150E333-8FDC-42A3-9474-1A3956D46DE8}") = "Views", "Views", "{9C1952BB-8C75-41B5-8780-5C59FE058FF7}"
EndProject
Project("{FAE04EC0-301F-11D3-BF4B-00C04F79EFBC}") = "DASSoluciones.ERP.Frontend.RazorViews", "DASSoluciones.ERP.Frontend.RazorViews\DASSoluciones.ERP.Frontend.RazorViews.csproj", "{150327B3-2B09-46B2-A38B-19FF8F499975}"
EndProject
Project("{2150E333-8FDC-42A3-9474-1A3956D46DE8}") = "IoCs", "IoCs", "{FB335860-CE8A-4927-A991-EAE216B826FF}"
EndProject
Project("{FAE04EC0-301F-11D3-BF4B-00C04F79EFBC}") = "DASSoluciones.ERP.Frontend.IoC", "DASSoluciones.ERP.Frontend.IoC\DASSoluciones.ERP.Frontend.IoC.csproj", "{9807CC83-D786-42F1-8BD3-094CBE86613D}"
EndProject
Project("{2150E333-8FDC-42A3-9474-1A3956D46DE8}") = "UIs", "UIs", "{20D291F5-8EEE-4CAB-90FC-DEE5D8957D33}"
EndProject
Project("{FAE04EC0-301F-11D3-BF4B-00C04F79EFBC}") = "DASSoluciones.ERP.BlazorClient", "DASSoluciones.ERP.BlazorClient\DASSoluciones.ERP.BlazorClient.csproj", "{1CD60EBA-941D-4586-9525-5D902D165222}"
EndProject
Global
	GlobalSection(SolutionConfigurationPlatforms) = preSolution
		Debug|Any CPU = Debug|Any CPU
		Release|Any CPU = Release|Any CPU
	EndGlobalSection
	GlobalSection(NestedProjects) = preSolution
		{AD5D150C-8126-42E7-A675-9008D561F320} = {91EF90B5-1C73-4F2B-BABA-541C730DC35B}
		{2F56898A-5635-46FE-B388-D5E59640DBEC} = {91EF90B5-1C73-4F2B-BABA-541C730DC35B}
		{DE270931-B2E7-4429-972F-0F00AB452EDB} = {91EF90B5-1C73-4F2B-BABA-541C730DC35B}
		{13DE1CAC-DCEF-4A0B-9333-3D90CD34AD9E} = {91EF90B5-1C73-4F2B-BABA-541C730DC35B}
		{42F0B64E-8ECE-4FFA-B45A-18176B24CB08} = {AD5D150C-8126-42E7-A675-9008D561F320}
		{9D2234C1-5DCA-4C7D-A151-523B570DD50E} = {2F56898A-5635-46FE-B388-D5E59640DBEC}
		{84024E0F-74EE-47EF-8EC5-93304C6DEC9B} = {DE270931-B2E7-4429-972F-0F00AB452EDB}
		{AE976229-C381-4E01-A98C-2BCCF8289F27} = {84024E0F-74EE-47EF-8EC5-93304C6DEC9B}
		{33E138E6-3BE1-4623-8BE1-A3FA46D349E3} = {DE270931-B2E7-4429-972F-0F00AB452EDB}
		{6BF6B8DC-B2C7-42AD-9098-7B3739BF05B8} = {33E138E6-3BE1-4623-8BE1-A3FA46D349E3}
		{9C1952BB-8C75-41B5-8780-5C59FE058FF7} = {DE270931-B2E7-4429-972F-0F00AB452EDB}
		{150327B3-2B09-46B2-A38B-19FF8F499975} = {9C1952BB-8C75-41B5-8780-5C59FE058FF7}
		{FB335860-CE8A-4927-A991-EAE216B826FF} = {13DE1CAC-DCEF-4A0B-9333-3D90CD34AD9E}
		{9807CC83-D786-42F1-8BD3-094CBE86613D} = {FB335860-CE8A-4927-A991-EAE216B826FF}
		{20D291F5-8EEE-4CAB-90FC-DEE5D8957D33} = {13DE1CAC-DCEF-4A0B-9333-3D90CD34AD9E}
		{1CD60EBA-941D-4586-9525-5D902D165222} = {20D291F5-8EEE-4CAB-90FC-DEE5D8957D33}
	EndGlobalSection
	GlobalSection(ProjectConfigurationPlatforms) = postSolution
		{42F0B64E-8ECE-4FFA-B45A-18176B24CB08}.Debug|Any CPU.ActiveCfg = Debug|Any CPU
		{42F0B64E-8ECE-4FFA-B45A-18176B24CB08}.Debug|Any CPU.Build.0 = Debug|Any CPU
		{42F0B64E-8ECE-4FFA-B45A-18176B24CB08}.Release|Any CPU.ActiveCfg = Release|Any CPU
		{42F0B64E-8ECE-4FFA-B45A-18176B24CB08}.Release|Any CPU.Build.0 = Release|Any CPU
		{9D2234C1-5DCA-4C7D-A151-523B570DD50E}.Debug|Any CPU.ActiveCfg = Debug|Any CPU
		{9D2234C1-5DCA-4C7D-A151-523B570DD50E}.Debug|Any CPU.Build.0 = Debug|Any CPU
		{9D2234C1-5DCA-4C7D-A151-523B570DD50E}.Release|Any CPU.ActiveCfg = Release|Any CPU
		{9D2234C1-5DCA-4C7D-A151-523B570DD50E}.Release|Any CPU.Build.0 = Release|Any CPU
		{AE976229-C381-4E01-A98C-2BCCF8289F27}.Debug|Any CPU.ActiveCfg = Debug|Any CPU
		{AE976229-C381-4E01-A98C-2BCCF8289F27}.Debug|Any CPU.Build.0 = Debug|Any CPU
		{AE976229-C381-4E01-A98C-2BCCF8289F27}.Release|Any CPU.ActiveCfg = Release|Any CPU
		{AE976229-C381-4E01-A98C-2BCCF8289F27}.Release|Any CPU.Build.0 = Release|Any CPU
		{6BF6B8DC-B2C7-42AD-9098-7B3739BF05B8}.Debug|Any CPU.ActiveCfg = Debug|Any CPU
		{6BF6B8DC-B2C7-42AD-9098-7B3739BF05B8}.Debug|Any CPU.Build.0 = Debug|Any CPU
		{6BF6B8DC-B2C7-42AD-9098-7B3739BF05B8}.Release|Any CPU.ActiveCfg = Release|Any CPU
		{6BF6B8DC-B2C7-42AD-9098-7B3739BF05B8}.Release|Any CPU.Build.0 = Release|Any CPU
		{150327B3-2B09-46B2-A38B-19FF8F499975}.Debug|Any CPU.ActiveCfg = Debug|Any CPU
		{150327B3-2B09-46B2-A38B-19FF8F499975}.Debug|Any CPU.Build.0 = Debug|Any CPU
		{150327B3-2B09-46B2-A38B-19FF8F499975}.Release|Any CPU.ActiveCfg = Release|Any CPU
		{150327B3-2B09-46B2-A38B-19FF8F499975}.Release|Any CPU.Build.0 = Release|Any CPU
		{9807CC83-D786-42F1-8BD3-094CBE86613D}.Debug|Any CPU.ActiveCfg = Debug|Any CPU
		{9807CC83-D786-42F1-8BD3-094CBE86613D}.Debug|Any CPU.Build.0 = Debug|Any CPU
		{9807CC83-D786-42F1-8BD3-094CBE86613D}.Release|Any CPU.ActiveCfg = Release|Any CPU
		{9807CC83-D786-42F1-8BD3-094CBE86613D}.Release|Any CPU.Build.0 = Release|Any CPU
		{1CD60EBA-941D-4586-9525-5D902D165222}.Debug|Any CPU.ActiveCfg = Debug|Any CPU
		{1CD60EBA-941D-4586-9525-5D902D165222}.Debug|Any CPU.Build.0 = Debug|Any CPU
		{1CD60EBA-941D-4586-9525-5D902D165222}.Release|Any CPU.ActiveCfg = Release|Any CPU
		{1CD60EBA-941D-4586-9525-5D902D165222}.Release|Any CPU.Build.0 = Release|Any CPU
	EndGlobalSection
EndGlobal
